Microsoft Visual Studio Solution File, Format Version 12.00
# Visual Studio Version 17
VisualStudioVersion = 17.5.2.0
MinimumVisualStudioVersion = 10.0.40219.1
Project("{2150E333-8FDC-42A3-9474-1A3956D46DE8}") = "AvaloniaApp", "AvaloniaApp", "{3E9B5D28-4946-B7E5-3395-4CC76DFE1859}"
EndProject
Project("{FAE04EC0-301F-11D3-BF4B-00C04F79EFBC}") = "BiometricFingerprintsAttendanceSystem", "AvaloniaApp\BiometricFingerprintsAttendanceSystem\BiometricFingerprintsAttendanceSystem.csproj", "{2356BC2F-FD3F-5E74-9253-EDD7A7709233}"
EndProject
Global
	GlobalSection(SolutionConfigurationPlatforms) = preSolution
		Debug|Any CPU = Debug|Any CPU
		Release|Any CPU = Release|Any CPU
	EndGlobalSection
	GlobalSection(ProjectConfigurationPlatforms) = postSolution
		{2356BC2F-FD3F-5E74-9253-EDD7A7709233}.Debug|Any CPU.ActiveCfg = Debug|Any CPU
		{2356BC2F-FD3F-5E74-9253-EDD7A7709233}.Debug|Any CPU.Build.0 = Debug|Any CPU
		{2356BC2F-FD3F-5E74-9253-EDD7A7709233}.Release|Any CPU.ActiveCfg = Release|Any CPU
		{2356BC2F-FD3F-5E74-9253-EDD7A7709233}.Release|Any CPU.Build.0 = Release|Any CPU
	EndGlobalSection
	GlobalSection(SolutionProperties) = preSolution
		HideSolutionNode = FALSE
	EndGlobalSection
	GlobalSection(NestedProjects) = preSolution
		{2356BC2F-FD3F-5E74-9253-EDD7A7709233} = {3E9B5D28-4946-B7E5-3395-4CC76DFE1859}
	EndGlobalSection
	GlobalSection(ExtensibilityGlobals) = postSolution
		SolutionGuid = {2B3A37D3-5B0C-483E-A262-81DB49E56DEB}
	EndGlobalSection
EndGlobal
